
Microsoft Visual Studio Solution File, Format Version 12.00
# Visual Studio Version 17
VisualStudioVersion = 17.9.34622.214
MinimumVisualStudioVersion = 10.0.40219.1
Project("{9A19103F-16F7-4668-BE54-9A1E7A4F7556}") = "WebAppToConsoleApp", "WebAppToConsoleApp\WebAppToConsoleApp.csproj", "{34223B8B-637B-48C3-9BB6-A647CF68C3DE}"
EndProject
Project("{9A19103F-16F7-4668-BE54-9A1E7A4F7556}") = "Example01.WebApplication", "Example01.WebApplication\Example01.WebApplication.csproj", "{F1AC2000-BF3F-4353-8A69-D756F9B42521}"
EndProject
Project("{FAE04EC0-301F-11D3-BF4B-00C04F79EFBC}") = "Example02.Net5.WebApplication", "Example02.Net5.WebApplication\Example02.Net5.WebApplication.csproj", "{2DB9165E-0A55-426E-B15C-F4C6AD1331D5}"
EndProject
Global
	GlobalSection(SolutionConfigurationPlatforms) = preSolution
		Debug|Any CPU = Debug|Any CPU
		Release|Any CPU = Release|Any CPU
	EndGlobalSection
	GlobalSection(ProjectConfigurationPlatforms) = postSolution
		{34223B8B-637B-48C3-9BB6-A647CF68C3DE}.Debug|Any CPU.ActiveCfg = Debug|Any CPU
		{34223B8B-637B-48C3-9BB6-A647CF68C3DE}.Debug|Any CPU.Build.0 = Debug|Any CPU
		{34223B8B-637B-48C3-9BB6-A647CF68C3DE}.Release|Any CPU.ActiveCfg = Release|Any CPU
		{34223B8B-637B-48C3-9BB6-A647CF68C3DE}.Release|Any CPU.Build.0 = Release|Any CPU
		{F1AC2000-BF3F-4353-8A69-D756F9B42521}.Debug|Any CPU.ActiveCfg = Debug|Any CPU
		{F1AC2000-BF3F-4353-8A69-D756F9B42521}.Debug|Any CPU.Build.0 = Debug|Any CPU
		{F1AC2000-BF3F-4353-8A69-D756F9B42521}.Release|Any CPU.ActiveCfg = Release|Any CPU
		{F1AC2000-BF3F-4353-8A69-D756F9B42521}.Release|Any CPU.Build.0 = Release|Any CPU
		{2DB9165E-0A55-426E-B15C-F4C6AD1331D5}.Debug|Any CPU.ActiveCfg = Debug|Any CPU
		{2DB9165E-0A55-426E-B15C-F4C6AD1331D5}.Debug|Any CPU.Build.0 = Debug|Any CPU
		{2DB9165E-0A55-426E-B15C-F4C6AD1331D5}.Release|Any CPU.ActiveCfg = Release|Any CPU
		{2DB9165E-0A55-426E-B15C-F4C6AD1331D5}.Release|Any CPU.Build.0 = Release|Any CPU
	EndGlobalSection
	GlobalSection(SolutionProperties) = preSolution
		HideSolutionNode = FALSE
	EndGlobalSection
	GlobalSection(ExtensibilityGlobals) = postSolution
		SolutionGuid = {7334CD99-2313-41E9-976F-D183F32E795C}
	EndGlobalSection
EndGlobal
